Microsoft Visual Studio Solution File, Format Version 12.00
# Visual Studio Version 17
VisualStudioVersion = 17.5.2.0
MinimumVisualStudioVersion = 10.0.40219.1
Project("{FAE04EC0-301F-11D3-BF4B-00C04F79EFBC}") = "MyApp1", "MyApp1\MyApp1.csproj", "{E5E7750E-A26D-AEFE-AF90-CFF2E20BB1CD}"
EndProject
Global
	GlobalSection(SolutionConfigurationPlatforms) = preSolution
		Debug|Any CPU = Debug|Any CPU
		Release|Any CPU = Release|Any CPU
	EndGlobalSection
	GlobalSection(ProjectConfigurationPlatforms) = postSolution
		{E5E7750E-A26D-AEFE-AF90-CFF2E20BB1CD}.Debug|Any CPU.ActiveCfg = Debug|Any CPU
		{E5E7750E-A26D-AEFE-AF90-CFF2E20BB1CD}.Debug|Any CPU.Build.0 = Debug|Any CPU
		{E5E7750E-A26D-AEFE-AF90-CFF2E20BB1CD}.Release|Any CPU.ActiveCfg = Release|Any CPU
		{E5E7750E-A26D-AEFE-AF90-CFF2E20BB1CD}.Release|Any CPU.Build.0 = Release|Any CPU
	EndGlobalSection
	GlobalSection(SolutionProperties) = preSolution
		HideSolutionNode = FALSE
	EndGlobalSection
	GlobalSection(ExtensibilityGlobals) = postSolution
		SolutionGuid = {4473B768-5406-4ED3-BA5A-55CA6CB4B77E}
	EndGlobalSection
EndGlobal
