Microsoft Visual Studio Solution File, Format Version 12.00
# Visual Studio Version 17
VisualStudioVersion = 17.5.2.0
MinimumVisualStudioVersion = 10.0.40219.1
Project("{FAE04EC0-301F-11D3-BF4B-00C04F79EFBC}") = "MyAppAuth", "MyAppAuth.csproj", "{68E2C24F-86B9-F8B5-E11C-E3566E228B5E}"
EndProject
Global
	GlobalSection(SolutionConfigurationPlatforms) = preSolution
		Debug|Any CPU = Debug|Any CPU
		Release|Any CPU = Release|Any CPU
	EndGlobalSection
	GlobalSection(ProjectConfigurationPlatforms) = postSolution
		{68E2C24F-86B9-F8B5-E11C-E3566E228B5E}.Debug|Any CPU.ActiveCfg = Debug|Any CPU
		{68E2C24F-86B9-F8B5-E11C-E3566E228B5E}.Debug|Any CPU.Build.0 = Debug|Any CPU
		{68E2C24F-86B9-F8B5-E11C-E3566E228B5E}.Release|Any CPU.ActiveCfg = Release|Any CPU
		{68E2C24F-86B9-F8B5-E11C-E3566E228B5E}.Release|Any CPU.Build.0 = Release|Any CPU
	EndGlobalSection
	GlobalSection(SolutionProperties) = preSolution
		HideSolutionNode = FALSE
	EndGlobalSection
	GlobalSection(ExtensibilityGlobals) = postSolution
		SolutionGuid = {A49D0DF0-444D-44A3-BE53-9E2BCFADC59F}
	EndGlobalSection
EndGlobal
